
Microsoft Visual Studio Solution File, Format Version 12.00
# Visual Studio Version 17
VisualStudioVersion = 17.0.32014.148
MinimumVisualStudioVersion = 10.0.40219.1
Project("{FAE04EC0-301F-11D3-BF4B-00C04F79EFBC}") = "TP ASP NET", "TP ASP NET.csproj", "{6833F1F8-CF25-44C4-A57A-2D99ACB780F6}"
EndProject
Global
	GlobalSection(SolutionConfigurationPlatforms) = preSolution
		Debug|Any CPU = Debug|Any CPU
		Release|Any CPU = Release|Any CPU
	EndGlobalSection
	GlobalSection(ProjectConfigurationPlatforms) = postSolution
		{6833F1F8-CF25-44C4-A57A-2D99ACB780F6}.Debug|Any CPU.ActiveCfg = Debug|Any CPU
		{6833F1F8-CF25-44C4-A57A-2D99ACB780F6}.Debug|Any CPU.Build.0 = Debug|Any CPU
		{6833F1F8-CF25-44C4-A57A-2D99ACB780F6}.Release|Any CPU.ActiveCfg = Release|Any CPU
		{6833F1F8-CF25-44C4-A57A-2D99ACB780F6}.Release|Any CPU.Build.0 = Release|Any CPU
	EndGlobalSection
	GlobalSection(SolutionProperties) = preSolution
		HideSolutionNode = FALSE
	EndGlobalSection
	GlobalSection(ExtensibilityGlobals) = postSolution
		SolutionGuid = {C87BD735-C4E5-4BA3-9B02-EE7CEA616EDD}
	EndGlobalSection
EndGlobal
